
Microsoft Visual Studio Solution File, Format Version 12.00
# Visual Studio Version 16
VisualStudioVersion = 16.0.30503.244
MinimumVisualStudioVersion = 10.0.40219.1
Project("{FAE04EC0-301F-11D3-BF4B-00C04F79EFBC}") = "Mock1Assignment1", "Mock1Assignment1\Mock1Assignment1.csproj", "{38B653D0-DD14-4CA5-8C2A-51F58B3ECD70}"
EndProject
Project("{FAE04EC0-301F-11D3-BF4B-00C04F79EFBC}") = "TestMock1Assignment1", "TestMock1Assignment1\TestMock1Assignment1.csproj", "{B4F5A812-0940-4936-A8F1-20DDACA52DC4}"
EndProject
Global
	GlobalSection(SolutionConfigurationPlatforms) = preSolution
		Debug|Any CPU = Debug|Any CPU
		Release|Any CPU = Release|Any CPU
	EndGlobalSection
	GlobalSection(ProjectConfigurationPlatforms) = postSolution
		{38B653D0-DD14-4CA5-8C2A-51F58B3ECD70}.Debug|Any CPU.ActiveCfg = Debug|Any CPU
		{38B653D0-DD14-4CA5-8C2A-51F58B3ECD70}.Debug|Any CPU.Build.0 = Debug|Any CPU
		{38B653D0-DD14-4CA5-8C2A-51F58B3ECD70}.Release|Any CPU.ActiveCfg = Release|Any CPU
		{38B653D0-DD14-4CA5-8C2A-51F58B3ECD70}.Release|Any CPU.Build.0 = Release|Any CPU
		{B4F5A812-0940-4936-A8F1-20DDACA52DC4}.Debug|Any CPU.ActiveCfg = Debug|Any CPU
		{B4F5A812-0940-4936-A8F1-20DDACA52DC4}.Debug|Any CPU.Build.0 = Debug|Any CPU
		{B4F5A812-0940-4936-A8F1-20DDACA52DC4}.Release|Any CPU.ActiveCfg = Release|Any CPU
		{B4F5A812-0940-4936-A8F1-20DDACA52DC4}.Release|Any CPU.Build.0 = Release|Any CPU
	EndGlobalSection
	GlobalSection(SolutionProperties) = preSolution
		HideSolutionNode = FALSE
	EndGlobalSection
	GlobalSection(ExtensibilityGlobals) = postSolution
		SolutionGuid = {C02C1438-010D-468A-A26D-C234528C6CC2}
	EndGlobalSection
EndGlobal
